// !$*UTF8*$!
{
	archiveVersion = 1;
	classes = {
	};
	objectVersion = 55;
	objects = {

/* Begin PBXBuildFile section */
		917A42FE11B553854A796264 /* Pods_CarrotSampleTests.framework in Frameworks */ = {isa = PBXBuildFile; fileRef = 381079151EC7EB920193422A /* Pods_CarrotSampleTests.framework */; };
		BF05DD61271BC1060004DA67 /* ImageFetchService.swift in Sources */ = {isa = PBXBuildFile; fileRef = BF05DD60271BC1060004DA67 /* ImageFetchService.swift */; };
		BF05DD63271BD1150004DA67 /* ServiceProvider.swift in Sources */ = {isa = PBXBuildFile; fileRef = BF05DD62271BD1150004DA67 /* ServiceProvider.swift */; };
		BF05DD65271BD8520004DA67 /* SearchRouter.swift in Sources */ = {isa = PBXBuildFile; fileRef = BF05DD64271BD8520004DA67 /* SearchRouter.swift */; };
		BF42E1B2271AB93C004F95E5 /* BookInfoPdfTableCell.swift in Sources */ = {isa = PBXBuildFile; fileRef = BF42E1B1271AB93C004F95E5 /* BookInfoPdfTableCell.swift */; };
		BF79400427165FDA00E99551 /* AppDelegate.swift in Sources */ = {isa = PBXBuildFile; fileRef = BF79400327165FDA00E99551 /* AppDelegate.swift */; };
		BF79400627165FDA00E99551 /* SceneDelegate.swift in Sources */ = {isa = PBXBuildFile; fileRef = BF79400527165FDA00E99551 /* SceneDelegate.swift */; };
		BF79400D27165FDC00E99551 /* Assets.xcassets in Resources */ = {isa = PBXBuildFile; fileRef = BF79400C27165FDC00E99551 /* Assets.xcassets */; };
		BF79401027165FDC00E99551 /* LaunchScreen.storyboard in Resources */ = {isa = PBXBuildFile; fileRef = BF79400E27165FDC00E99551 /* LaunchScreen.storyboard */; };
		BF79403E2716647E00E99551 /* SearchViewController.swift in Sources */ = {isa = PBXBuildFile; fileRef = BF79403D2716647E00E99551 /* SearchViewController.swift */; };
		BF7940402716648600E99551 /* SearchInteractor.swift in Sources */ = {isa = PBXBuildFile; fileRef = BF79403F2716648600E99551 /* SearchInteractor.swift */; };
		BF7940422716648E00E99551 /* DetailViewController.swift in Sources */ = {isa = PBXBuildFile; fileRef = BF7940412716648E00E99551 /* DetailViewController.swift */; };
		BF7940442716649400E99551 /* DetailInteractor.swift in Sources */ = {isa = PBXBuildFile; fileRef = BF7940432716649400E99551 /* DetailInteractor.swift */; };
		BF794046271664C200E99551 /* AppDependency.swift in Sources */ = {isa = PBXBuildFile; fileRef = BF794045271664C200E99551 /* AppDependency.swift */; };
		BFA789182719A60100AD370D /* SearchPresenter.swift in Sources */ = {isa = PBXBuildFile; fileRef = BFA789172719A60100AD370D /* SearchPresenter.swift */; };
		BFA7891B2719A81200AD370D /* SearchViewControllerTests.swift in Sources */ = {isa = PBXBuildFile; fileRef = BFA7891A2719A81200AD370D /* SearchViewControllerTests.swift */; };
		BFA7891D2719A81E00AD370D /* SearchInteractorTests.swift in Sources */ = {isa = PBXBuildFile; fileRef = BFA7891C2719A81E00AD370D /* SearchInteractorTests.swift */; };
		BFA789202719A85400AD370D /* MemoryCacheServiceTests.swift in Sources */ = {isa = PBXBuildFile; fileRef = BFA7891F2719A85400AD370D /* MemoryCacheServiceTests.swift */; };
		BFA789222719A86000AD370D /* DiskCacheServiceTests.swift in Sources */ = {isa = PBXBuildFile; fileRef = BFA789212719A86000AD370D /* DiskCacheServiceTests.swift */; };
		BFA789242719A86B00AD370D /* BookServiceTests.swift in Sources */ = {isa = PBXBuildFile; fileRef = BFA789232719A86B00AD370D /* BookServiceTests.swift */; };
		BFA789272719B2E600AD370D /* BookTableCell.swift in Sources */ = {isa = PBXBuildFile; fileRef = BFA789262719B2E600AD370D /* BookTableCell.swift */; };
		BFA78929271A7C0B00AD370D /* UIView+Extension.swift in Sources */ = {isa = PBXBuildFile; fileRef = BFA78928271A7C0B00AD370D /* UIView+Extension.swift */; };
		BFA7892B271A895000AD370D /* DetailPresenter.swift in Sources */ = {isa = PBXBuildFile; fileRef = BFA7892A271A895000AD370D /* DetailPresenter.swift */; };
		BFA7892D271A8D8E00AD370D /* BookInfoModel.swift in Sources */ = {isa = PBXBuildFile; fileRef = BFA7892C271A8D8E00AD370D /* BookInfoModel.swift */; };
		BFA78932271A9AA200AD370D /* BookInfoTableCell.swift in Sources */ = {isa = PBXBuildFile; fileRef = BFA78931271A9AA200AD370D /* BookInfoTableCell.swift */; };
		BFA78934271AA2BF00AD370D /* BookInfoImgTableCell.swift in Sources */ = {isa = PBXBuildFile; fileRef = BFA78933271AA2BF00AD370D /* BookInfoImgTableCell.swift */; };
		BFD95B9527184C660058BE79 /* BookSearchModel.swift in Sources */ = {isa = PBXBuildFile; fileRef = BFD95B9427184C660058BE79 /* BookSearchModel.swift */; };
		BFD95B9927184E420058BE79 /* BookService.swift in Sources */ = {isa = PBXBuildFile; fileRef = BFD95B9827184E420058BE79 /* BookService.swift */; };
		BFD95B9B2718E1CA0058BE79 /* MemoryCacheService.swift in Sources */ = {isa = PBXBuildFile; fileRef = BFD95B9A2718E1CA0058BE79 /* MemoryCacheService.swift */; };
		BFD95BA02718E8440058BE79 /* MockNSCache.swift in Sources */ = {isa = PBXBuildFile; fileRef = BFD95B9F2718E8440058BE79 /* MockNSCache.swift */; };
		BFD95BA22718E86A0058BE79 /* MockSession.swift in Sources */ = {isa = PBXBuildFile; fileRef = BFD95BA12718E86A0058BE79 /* MockSession.swift */; };
		BFD95BA42718EB110058BE79 /* DiskCacheService.swift in Sources */ = {isa = PBXBuildFile; fileRef = BFD95BA32718EB110058BE79 /* DiskCacheService.swift */; };
		BFD95BA82718F2360058BE79 /* MockFileManager.swift in Sources */ = {isa = PBXBuildFile; fileRef = BFD95BA72718F2360058BE79 /* MockFileManager.swift */; };
		BFD95BAB2718F4D90058BE79 /* APIRouter.swift in Sources */ = {isa = PBXBuildFile; fileRef = BFD95BAA2718F4D90058BE79 /* APIRouter.swift */; };
		D942BEBE0795DD4004311BB2 /* Pods_CarrotSample.framework in Frameworks */ = {isa = PBXBuildFile; fileRef = EE298D365F84969A16F392C3 /* Pods_CarrotSample.framework */; };
/* End PBXBuildFile section */

/* Begin PBXContainerItemProxy section */
		BF79401727165FDC00E99551 /* PBXContainerItemProxy */ = {
			isa = PBXContainerItemProxy;
			containerPortal = BF793FF827165FDA00E99551 /* Project object */;
			proxyType = 1;
			remoteGlobalIDString = BF793FFF27165FDA00E99551;
			remoteInfo = CarrotSample;
		};
/* End PBXContainerItemProxy section */

/* Begin PBXFileReference section */
		2BD13AD8F1A3180DDB2356E9 /* Pods-CarrotSampleTests.debug.xcconfig */ = {isa = PBXFileReference; includeInIndex = 1; lastKnownFileType = text.xcconfig; name = "Pods-CarrotSampleTests.debug.xcconfig"; path = "Target Support Files/Pods-CarrotSampleTests/Pods-CarrotSampleTests.debug.xcconfig"; sourceTree = "<group>"; };
		381079151EC7EB920193422A /* Pods_CarrotSampleTests.framework */ = {isa = PBXFileReference; explicitFileType = wrapper.framework; includeInIndex = 0; path = Pods_CarrotSampleTests.framework; sourceTree = BUILT_PRODUCTS_DIR; };
		4B34F43D05A59E15596B4567 /* Pods-CarrotSample.release.xcconfig */ = {isa = PBXFileReference; includeInIndex = 1; lastKnownFileType = text.xcconfig; name = "Pods-CarrotSample.release.xcconfig"; path = "Target Support Files/Pods-CarrotSample/Pods-CarrotSample.release.xcconfig"; sourceTree = "<group>"; };
		5C396C9D05D3DC92A3A83455 /* Pods-CarrotSample-CarrotSampleUITests.release.xcconfig */ = {isa = PBXFileReference; includeInIndex = 1; lastKnownFileType = text.xcconfig; name = "Pods-CarrotSample-CarrotSampleUITests.release.xcconfig"; path = "Target Support Files/Pods-CarrotSample-CarrotSampleUITests/Pods-CarrotSample-CarrotSampleUITests.release.xcconfig"; sourceTree = "<group>"; };
		87F848169FB15BC3132A24B5 /* Pods-CarrotSample.debug.xcconfig */ = {isa = PBXFileReference; includeInIndex = 1; lastKnownFileType = text.xcconfig; name = "Pods-CarrotSample.debug.xcconfig"; path = "Target Support Files/Pods-CarrotSample/Pods-CarrotSample.debug.xcconfig"; sourceTree = "<group>"; };
		A59AB58DE80EE3938B175796 /* Pods-CarrotSample-CarrotSampleUITests.debug.xcconfig */ = {isa = PBXFileReference; includeInIndex = 1; lastKnownFileType = text.xcconfig; name = "Pods-CarrotSample-CarrotSampleUITests.debug.xcconfig"; path = "Target Support Files/Pods-CarrotSample-CarrotSampleUITests/Pods-CarrotSample-CarrotSampleUITests.debug.xcconfig"; sourceTree = "<group>"; };
		B81DADBDDE79E80684655FBE /* Pods_CarrotSample_CarrotSampleUITests.framework */ = {isa = PBXFileReference; explicitFileType = wrapper.framework; includeInIndex = 0; path = Pods_CarrotSample_CarrotSampleUITests.framework; sourceTree = BUILT_PRODUCTS_DIR; };
		BF05DD60271BC1060004DA67 /* ImageFetchService.swift */ = {isa = PBXFileReference; lastKnownFileType = sourcecode.swift; path = ImageFetchService.swift; sourceTree = "<group>"; };
		BF05DD62271BD1150004DA67 /* ServiceProvider.swift */ = {isa = PBXFileReference; lastKnownFileType = sourcecode.swift; path = ServiceProvider.swift; sourceTree = "<group>"; };
		BF05DD64271BD8520004DA67 /* SearchRouter.swift */ = {isa = PBXFileReference; lastKnownFileType = sourcecode.swift; path = SearchRouter.swift; sourceTree = "<group>"; };
		BF42E1B1271AB93C004F95E5 /* BookInfoPdfTableCell.swift */ = {isa = PBXFileReference; lastKnownFileType = sourcecode.swift; path = BookInfoPdfTableCell.swift; sourceTree = "<group>"; };
		BF79400027165FDA00E99551 /* CarrotSample.app */ = {isa = PBXFileReference; explicitFileType = wrapper.application; includeInIndex = 0; path = CarrotSample.app; sourceTree = BUILT_PRODUCTS_DIR; };
		BF79400327165FDA00E99551 /* AppDelegate.swift */ = {isa = PBXFileReference; lastKnownFileType = sourcecode.swift; path = AppDelegate.swift; sourceTree = "<group>"; };
		BF79400527165FDA00E99551 /* SceneDelegate.swift */ = {isa = PBXFileReference; lastKnownFileType = sourcecode.swift; path = SceneDelegate.swift; sourceTree = "<group>"; };
		BF79400C27165FDC00E99551 /* Assets.xcassets */ = {isa = PBXFileReference; lastKnownFileType = folder.assetcatalog; path = Assets.xcassets; sourceTree = "<group>"; };
		BF79400F27165FDC00E99551 /* Base */ = {isa = PBXFileReference; lastKnownFileType = file.storyboard; name = Base; path = Base.lproj/LaunchScreen.storyboard; sourceTree = "<group>"; };
		BF79401127165FDC00E99551 /* Info.plist */ = {isa = PBXFileReference; lastKnownFileType = text.plist.xml; path = Info.plist; sourceTree = "<group>"; };
		BF79401627165FDC00E99551 /* CarrotSampleTests.xctest */ = {isa = PBXFileReference; explicitFileType = wrapper.cfbundle; includeInIndex = 0; path = CarrotSampleTests.xctest; sourceTree = BUILT_PRODUCTS_DIR; };
		BF79403D2716647E00E99551 /* SearchViewController.swift */ = {isa = PBXFileReference; lastKnownFileType = sourcecode.swift; path = SearchViewController.swift; sourceTree = "<group>"; };
		BF79403F2716648600E99551 /* SearchInteractor.swift */ = {isa = PBXFileReference; lastKnownFileType = sourcecode.swift; path = SearchInteractor.swift; sourceTree = "<group>"; };
		BF7940412716648E00E99551 /* DetailViewController.swift */ = {isa = PBXFileReference; lastKnownFileType = sourcecode.swift; path = DetailViewController.swift; sourceTree = "<group>"; };
		BF7940432716649400E99551 /* DetailInteractor.swift */ = {isa = PBXFileReference; lastKnownFileType = sourcecode.swift; path = DetailInteractor.swift; sourceTree = "<group>"; };
		BF794045271664C200E99551 /* AppDependency.swift */ = {isa = PBXFileReference; lastKnownFileType = sourcecode.swift; path = AppDependency.swift; sourceTree = "<group>"; };
		BFA789172719A60100AD370D /* SearchPresenter.swift */ = {isa = PBXFileReference; lastKnownFileType = sourcecode.swift; path = SearchPresenter.swift; sourceTree = "<group>"; };
		BFA7891A2719A81200AD370D /* SearchViewControllerTests.swift */ = {isa = PBXFileReference; lastKnownFileType = sourcecode.swift; path = SearchViewControllerTests.swift; sourceTree = "<group>"; };
		BFA7891C2719A81E00AD370D /* SearchInteractorTests.swift */ = {isa = PBXFileReference; lastKnownFileType = sourcecode.swift; path = SearchInteractorTests.swift; sourceTree = "<group>"; };
		BFA7891F2719A85400AD370D /* MemoryCacheServiceTests.swift */ = {isa = PBXFileReference; lastKnownFileType = sourcecode.swift; path = MemoryCacheServiceTests.swift; sourceTree = "<group>"; };
		BFA789212719A86000AD370D /* DiskCacheServiceTests.swift */ = {isa = PBXFileReference; lastKnownFileType = sourcecode.swift; path = DiskCacheServiceTests.swift; sourceTree = "<group>"; };
		BFA789232719A86B00AD370D /* BookServiceTests.swift */ = {isa = PBXFileReference; lastKnownFileType = sourcecode.swift; path = BookServiceTests.swift; sourceTree = "<group>"; };
		BFA789262719B2E600AD370D /* BookTableCell.swift */ = {isa = PBXFileReference; lastKnownFileType = sourcecode.swift; path = BookTableCell.swift; sourceTree = "<group>"; };
		BFA78928271A7C0B00AD370D /* UIView+Extension.swift */ = {isa = PBXFileReference; lastKnownFileType = sourcecode.swift; path = "UIView+Extension.swift"; sourceTree = "<group>"; };
		BFA7892A271A895000AD370D /* DetailPresenter.swift */ = {isa = PBXFileReference; lastKnownFileType = sourcecode.swift; path = DetailPresenter.swift; sourceTree = "<group>"; };
		BFA7892C271A8D8E00AD370D /* BookInfoModel.swift */ = {isa = PBXFileReference; lastKnownFileType = sourcecode.swift; path = BookInfoModel.swift; sourceTree = "<group>"; };
		BFA78931271A9AA200AD370D /* BookInfoTableCell.swift */ = {isa = PBXFileReference; lastKnownFileType = sourcecode.swift; path = BookInfoTableCell.swift; sourceTree = "<group>"; };
		BFA78933271AA2BF00AD370D /* BookInfoImgTableCell.swift */ = {isa = PBXFileReference; lastKnownFileType = sourcecode.swift; path = BookInfoImgTableCell.swift; sourceTree = "<group>"; };
		BFD95B9427184C660058BE79 /* BookSearchModel.swift */ = {isa = PBXFileReference; lastKnownFileType = sourcecode.swift; path = BookSearchModel.swift; sourceTree = "<group>"; };
		BFD95B9827184E420058BE79 /* BookService.swift */ = {isa = PBXFileReference; lastKnownFileType = sourcecode.swift; path = BookService.swift; sourceTree = "<group>"; };
		BFD95B9A2718E1CA0058BE79 /* MemoryCacheService.swift */ = {isa = PBXFileReference; lastKnownFileType = sourcecode.swift; path = MemoryCacheService.swift; sourceTree = "<group>"; };
		BFD95B9F2718E8440058BE79 /* MockNSCache.swift */ = {isa = PBXFileReference; lastKnownFileType = sourcecode.swift; path = MockNSCache.swift; sourceTree = "<group>"; };
		BFD95BA12718E86A0058BE79 /* MockSession.swift */ = {isa = PBXFileReference; lastKnownFileType = sourcecode.swift; path = MockSession.swift; sourceTree = "<group>"; };
		BFD95BA32718EB110058BE79 /* DiskCacheService.swift */ = {isa = PBXFileReference; lastKnownFileType = sourcecode.swift; path = DiskCacheService.swift; sourceTree = "<group>"; };
		BFD95BA72718F2360058BE79 /* MockFileManager.swift */ = {isa = PBXFileReference; lastKnownFileType = sourcecode.swift; path = MockFileManager.swift; sourceTree = "<group>"; };
		BFD95BAA2718F4D90058BE79 /* APIRouter.swift */ = {isa = PBXFileReference; lastKnownFileType = sourcecode.swift; path = APIRouter.swift; sourceTree = "<group>"; };
		E6FF674CB4FFE65244298774 /* Pods-CarrotSampleTests.release.xcconfig */ = {isa = PBXFileReference; includeInIndex = 1; lastKnownFileType = text.xcconfig; name = "Pods-CarrotSampleTests.release.xcconfig"; path = "Target Support Files/Pods-CarrotSampleTests/Pods-CarrotSampleTests.release.xcconfig"; sourceTree = "<group>"; };
		EE298D365F84969A16F392C3 /* Pods_CarrotSample.framework */ = {isa = PBXFileReference; explicitFileType = wrapper.framework; includeInIndex = 0; path = Pods_CarrotSample.framework; sourceTree = BUILT_PRODUCTS_DIR; };
/* End PBXFileReference section */

/* Begin PBXFrameworksBuildPhase section */
		BF793FFD27165FDA00E99551 /* Frameworks */ = {
			isa = PBXFrameworksBuildPhase;
			buildActionMask = 2147483647;
			files = (
				D942BEBE0795DD4004311BB2 /* Pods_CarrotSample.framework in Frameworks */,
			);
			runOnlyForDeploymentPostprocessing = 0;
		};
		BF79401327165FDC00E99551 /* Frameworks */ = {
			isa = PBXFrameworksBuildPhase;
			buildActionMask = 2147483647;
			files = (
				917A42FE11B553854A796264 /* Pods_CarrotSampleTests.framework in Frameworks */,
			);
			runOnlyForDeploymentPostprocessing = 0;
		};
/* End PBXFrameworksBuildPhase section */

/* Begin PBXGroup section */
		18FC2339282D26D08653FEFA /* Pods */ = {
			isa = PBXGroup;
			children = (
				87F848169FB15BC3132A24B5 /* Pods-CarrotSample.debug.xcconfig */,
				4B34F43D05A59E15596B4567 /* Pods-CarrotSample.release.xcconfig */,
				A59AB58DE80EE3938B175796 /* Pods-CarrotSample-CarrotSampleUITests.debug.xcconfig */,
				5C396C9D05D3DC92A3A83455 /* Pods-CarrotSample-CarrotSampleUITests.release.xcconfig */,
				2BD13AD8F1A3180DDB2356E9 /* Pods-CarrotSampleTests.debug.xcconfig */,
				E6FF674CB4FFE65244298774 /* Pods-CarrotSampleTests.release.xcconfig */,
			);
			path = Pods;
			sourceTree = "<group>";
		};
		BF793FF727165FDA00E99551 = {
			isa = PBXGroup;
			children = (
				BF79400227165FDA00E99551 /* CarrotSample */,
				BF79401927165FDC00E99551 /* CarrotSampleTests */,
				BF79400127165FDA00E99551 /* Products */,
				18FC2339282D26D08653FEFA /* Pods */,
				C0CA46EABE4AB996D3665557 /* Frameworks */,
			);
			sourceTree = "<group>";
		};
		BF79400127165FDA00E99551 /* Products */ = {
			isa = PBXGroup;
			children = (
				BF79400027165FDA00E99551 /* CarrotSample.app */,
				BF79401627165FDC00E99551 /* CarrotSampleTests.xctest */,
			);
			name = Products;
			sourceTree = "<group>";
		};
		BF79400227165FDA00E99551 /* CarrotSample */ = {
			isa = PBXGroup;
			children = (
				BFA789252719B2D100AD370D /* Cells */,
				BFD95BA92718F4B70058BE79 /* Utilities */,
				BF79403A2716640F00E99551 /* Models */,
				BF794037271663F400E99551 /* Services */,
				BF794036271663ED00E99551 /* Extensions */,
				BF794035271663E200E99551 /* Screens */,
				BF794034271663DB00E99551 /* Resources */,
				BF794033271663D400E99551 /* AppStart */,
				BF79401127165FDC00E99551 /* Info.plist */,
			);
			path = CarrotSample;
			sourceTree = "<group>";
		};
		BF79401927165FDC00E99551 /* CarrotSampleTests */ = {
			isa = PBXGroup;
			children = (
				BFD95B9E2718E8260058BE79 /* Mocks */,
				BFA7891E2719A83300AD370D /* Services */,
				BFA789192719A7A100AD370D /* Screens */,
			);
			path = CarrotSampleTests;
			sourceTree = "<group>";
		};
		BF794033271663D400E99551 /* AppStart */ = {
			isa = PBXGroup;
			children = (
				BF79400327165FDA00E99551 /* AppDelegate.swift */,
				BF79400527165FDA00E99551 /* SceneDelegate.swift */,
				BF794045271664C200E99551 /* AppDependency.swift */,
			);
			path = AppStart;
			sourceTree = "<group>";
		};
		BF794034271663DB00E99551 /* Resources */ = {
			isa = PBXGroup;
			children = (
				BF79400C27165FDC00E99551 /* Assets.xcassets */,
				BF79400E27165FDC00E99551 /* LaunchScreen.storyboard */,
			);
			path = Resources;
			sourceTree = "<group>";
		};
		BF794035271663E200E99551 /* Screens */ = {
			isa = PBXGroup;
			children = (
				BF79403C2716646F00E99551 /* Detail */,
				BF79403B2716646C00E99551 /* Search */,
			);
			path = Screens;
			sourceTree = "<group>";
		};
		BF794036271663ED00E99551 /* Extensions */ = {
			isa = PBXGroup;
			children = (
				BFA78928271A7C0B00AD370D /* UIView+Extension.swift */,
			);
			path = Extensions;
			sourceTree = "<group>";
		};
		BF794037271663F400E99551 /* Services */ = {
			isa = PBXGroup;
			children = (
				BFD95B9827184E420058BE79 /* BookService.swift */,
				BFD95B9A2718E1CA0058BE79 /* MemoryCacheService.swift */,
				BFD95BA32718EB110058BE79 /* DiskCacheService.swift */,
				BF05DD60271BC1060004DA67 /* ImageFetchService.swift */,
				BF05DD62271BD1150004DA67 /* ServiceProvider.swift */,
			);
			path = Services;
			sourceTree = "<group>";
		};
		BF79403A2716640F00E99551 /* Models */ = {
			isa = PBXGroup;
			children = (
				BFD95B9427184C660058BE79 /* BookSearchModel.swift */,
				BFA7892C271A8D8E00AD370D /* BookInfoModel.swift */,
			);
			path = Models;
			sourceTree = "<group>";
		};
		BF79403B2716646C00E99551 /* Search */ = {
			isa = PBXGroup;
			children = (
				BF79403D2716647E00E99551 /* SearchViewController.swift */,
				BF79403F2716648600E99551 /* SearchInteractor.swift */,
				BF05DD64271BD8520004DA67 /* SearchRouter.swift */,
				BFA789172719A60100AD370D /* SearchPresenter.swift */,
			);
			path = Search;
			sourceTree = "<group>";
		};
		BF79403C2716646F00E99551 /* Detail */ = {
			isa = PBXGroup;
			children = (
				BF7940412716648E00E99551 /* DetailViewController.swift */,
				BF7940432716649400E99551 /* DetailInteractor.swift */,
				BFA7892A271A895000AD370D /* DetailPresenter.swift */,
			);
			path = Detail;
			sourceTree = "<group>";
		};
		BFA789192719A7A100AD370D /* Screens */ = {
			isa = PBXGroup;
			children = (
				BFA7891A2719A81200AD370D /* SearchViewControllerTests.swift */,
				BFA7891C2719A81E00AD370D /* SearchInteractorTests.swift */,
			);
			path = Screens;
			sourceTree = "<group>";
		};
		BFA7891E2719A83300AD370D /* Services */ = {
			isa = PBXGroup;
			children = (
				BFA7891F2719A85400AD370D /* MemoryCacheServiceTests.swift */,
				BFA789212719A86000AD370D /* DiskCacheServiceTests.swift */,
				BFA789232719A86B00AD370D /* BookServiceTests.swift */,
			);
			path = Services;
			sourceTree = "<group>";
		};
		BFA789252719B2D100AD370D /* Cells */ = {
			isa = PBXGroup;
			children = (
				BFA789262719B2E600AD370D /* BookTableCell.swift */,
				BFA78933271AA2BF00AD370D /* BookInfoImgTableCell.swift */,
				BFA78931271A9AA200AD370D /* BookInfoTableCell.swift */,
				BF42E1B1271AB93C004F95E5 /* BookInfoPdfTableCell.swift */,
			);
			path = Cells;
			sourceTree = "<group>";
		};
		BFD95B9E2718E8260058BE79 /* Mocks */ = {
			isa = PBXGroup;
			children = (
				BFD95B9F2718E8440058BE79 /* MockNSCache.swift */,
				BFD95BA12718E86A0058BE79 /* MockSession.swift */,
				BFD95BA72718F2360058BE79 /* MockFileManager.swift */,
			);
			path = Mocks;
			sourceTree = "<group>";
		};
		BFD95BA92718F4B70058BE79 /* Utilities */ = {
			isa = PBXGroup;
			children = (
				BFD95BAA2718F4D90058BE79 /* APIRouter.swift */,
			);
			path = Utilities;
			sourceTree = "<group>";
		};
		C0CA46EABE4AB996D3665557 /* Frameworks */ = {
			isa = PBXGroup;
			children = (
				EE298D365F84969A16F392C3 /* Pods_CarrotSample.framework */,
				B81DADBDDE79E80684655FBE /* Pods_CarrotSample_CarrotSampleUITests.framework */,
				381079151EC7EB920193422A /* Pods_CarrotSampleTests.framework */,
			);
			name = Frameworks;
			sourceTree = "<group>";
		};
/* End PBXGroup section */

/* Begin PBXNativeTarget section */
		BF793FFF27165FDA00E99551 /* CarrotSample */ = {
			isa = PBXNativeTarget;
			buildConfigurationList = BF79402A27165FDC00E99551 /* Build configuration list for PBXNativeTarget "CarrotSample" */;
			buildPhases = (
				2AFCE76D2EB32007D7A73D97 /* [CP] Check Pods Manifest.lock */,
				BF793FFC27165FDA00E99551 /* Sources */,
				BF793FFD27165FDA00E99551 /* Frameworks */,
				BF793FFE27165FDA00E99551 /* Resources */,
				0DC5EBC77490A1FDBB90505B /* [CP] Embed Pods Frameworks */,
			);
			buildRules = (
			);
			dependencies = (
			);
			name = CarrotSample;
			productName = CarrotSample;
			productReference = BF79400027165FDA00E99551 /* CarrotSample.app */;
			productType = "com.apple.product-type.application";
		};
		BF79401527165FDC00E99551 /* CarrotSampleTests */ = {
			isa = PBXNativeTarget;
			buildConfigurationList = BF79402D27165FDC00E99551 /* Build configuration list for PBXNativeTarget "CarrotSampleTests" */;
			buildPhases = (
				5514BECC59A0D67E0622B63F /* [CP] Check Pods Manifest.lock */,
				BF79401227165FDC00E99551 /* Sources */,
				BF79401327165FDC00E99551 /* Frameworks */,
				BF79401427165FDC00E99551 /* Resources */,
			);
			buildRules = (
			);
			dependencies = (
				BF79401827165FDC00E99551 /* PBXTargetDependency */,
			);
			name = CarrotSampleTests;
			productName = CarrotSampleTests;
			productReference = BF79401627165FDC00E99551 /* CarrotSampleTests.xctest */;
			productType = "com.apple.product-type.bundle.unit-test";
		};
/* End PBXNativeTarget section */

/* Begin PBXProject section */
		BF793FF827165FDA00E99551 /* Project object */ = {
			isa = PBXProject;
			attributes = {
				BuildIndependentTargetsInParallel = 1;
				LastSwiftUpdateCheck = 1300;
				LastUpgradeCheck = 1300;
				TargetAttributes = {
					BF793FFF27165FDA00E99551 = {
						CreatedOnToolsVersion = 13.0;
					};
					BF79401527165FDC00E99551 = {
						CreatedOnToolsVersion = 13.0;
						TestTargetID = BF793FFF27165FDA00E99551;
					};
				};
			};
			buildConfigurationList = BF793FFB27165FDA00E99551 /* Build configuration list for PBXProject "CarrotSample" */;
			compatibilityVersion = "Xcode 13.0";
			developmentRegion = en;
			hasScannedForEncodings = 0;
			knownRegions = (
				en,
				Base,
			);
			mainGroup = BF793FF727165FDA00E99551;
			productRefGroup = BF79400127165FDA00E99551 /* Products */;
			projectDirPath = "";
			projectRoot = "";
			targets = (
				BF793FFF27165FDA00E99551 /* CarrotSample */,
				BF79401527165FDC00E99551 /* CarrotSampleTests */,
			);
		};
/* End PBXProject section */

/* Begin PBXResourcesBuildPhase section */
		BF793FFE27165FDA00E99551 /* Resources */ = {
			isa = PBXResourcesBuildPhase;
			buildActionMask = 2147483647;
			files = (
				BF79401027165FDC00E99551 /* LaunchScreen.storyboard in Resources */,
				BF79400D27165FDC00E99551 /* Assets.xcassets in Resources */,
			);
			runOnlyForDeploymentPostprocessing = 0;
		};
		BF79401427165FDC00E99551 /* Resources */ = {
			isa = PBXResourcesBuildPhase;
			buildActionMask = 2147483647;
			files = (
			);
			runOnlyForDeploymentPostprocessing = 0;
		};
/* End PBXResourcesBuildPhase section */

/* Begin PBXShellScriptBuildPhase section */
		0DC5EBC77490A1FDBB90505B /* [CP] Embed Pods Frameworks */ = {
			isa = PBXShellScriptBuildPhase;
			buildActionMask = 2147483647;
			files = (
			);
			inputFileListPaths = (
				"${PODS_ROOT}/Target Support Files/Pods-CarrotSample/Pods-CarrotSample-frameworks-${CONFIGURATION}-input-files.xcfilelist",
			);
			name = "[CP] Embed Pods Frameworks";
			outputFileListPaths = (
				"${PODS_ROOT}/Target Support Files/Pods-CarrotSample/Pods-CarrotSample-frameworks-${CONFIGURATION}-output-files.xcfilelist",
			);
			runOnlyForDeploymentPostprocessing = 0;
			shellPath = /bin/sh;
			shellScript = "\"${PODS_ROOT}/Target Support Files/Pods-CarrotSample/Pods-CarrotSample-frameworks.sh\"\n";
			showEnvVarsInLog = 0;
		};
		2AFCE76D2EB32007D7A73D97 /* [CP] Check Pods Manifest.lock */ = {
			isa = PBXShellScriptBuildPhase;
			buildActionMask = 2147483647;
			files = (
			);
			inputFileListPaths = (
			);
			inputPaths = (
				"${PODS_PODFILE_DIR_PATH}/Podfile.lock",
				"${PODS_ROOT}/Manifest.lock",
			);
			name = "[CP] Check Pods Manifest.lock";
			outputFileListPaths = (
			);
			outputPaths = (
				"$(DERIVED_FILE_DIR)/Pods-CarrotSample-checkManifestLockResult.txt",
			);
			runOnlyForDeploymentPostprocessing = 0;
			shellPath = /bin/sh;
			shellScript = "diff \"${PODS_PODFILE_DIR_PATH}/Podfile.lock\" \"${PODS_ROOT}/Manifest.lock\" > /dev/null\nif [ $? != 0 ] ; then\n    # print error to STDERR\n    echo \"error: The sandbox is not in sync with the Podfile.lock. Run 'pod install' or update your CocoaPods installation.\" >&2\n    exit 1\nfi\n# This output is used by Xcode 'outputs' to avoid re-running this script phase.\necho \"SUCCESS\" > \"${SCRIPT_OUTPUT_FILE_0}\"\n";
			showEnvVarsInLog = 0;
		};
		5514BECC59A0D67E0622B63F /* [CP] Check Pods Manifest.lock */ = {
			isa = PBXShellScriptBuildPhase;
			buildActionMask = 2147483647;
			files = (
			);
			inputFileListPaths = (
			);
			inputPaths = (
				"${PODS_PODFILE_DIR_PATH}/Podfile.lock",
				"${PODS_ROOT}/Manifest.lock",
			);
			name = "[CP] Check Pods Manifest.lock";
			outputFileListPaths = (
			);
			outputPaths = (
				"$(DERIVED_FILE_DIR)/Pods-CarrotSampleTests-checkManifestLockResult.txt",
			);
			runOnlyForDeploymentPostprocessing = 0;
			shellPath = /bin/sh;
			shellScript = "diff \"${PODS_PODFILE_DIR_PATH}/Podfile.lock\" \"${PODS_ROOT}/Manifest.lock\" > /dev/null\nif [ $? != 0 ] ; then\n    # print error to STDERR\n    echo \"error: The sandbox is not in sync with the Podfile.lock. Run 'pod install' or update your CocoaPods installation.\" >&2\n    exit 1\nfi\n# This output is used by Xcode 'outputs' to avoid re-running this script phase.\necho \"SUCCESS\" > \"${SCRIPT_OUTPUT_FILE_0}\"\n";
			showEnvVarsInLog = 0;
		};
/* End PBXShellScriptBuildPhase section */

/* Begin PBXSourcesBuildPhase section */
		BF793FFC27165FDA00E99551 /* Sources */ = {
			isa = PBXSourcesBuildPhase;
			buildActionMask = 2147483647;
			files = (
				BFA78934271AA2BF00AD370D /* BookInfoImgTableCell.swift in Sources */,
				BFD95BA42718EB110058BE79 /* DiskCacheService.swift in Sources */,
				BFA789272719B2E600AD370D /* BookTableCell.swift in Sources */,
				BFA78929271A7C0B00AD370D /* UIView+Extension.swift in Sources */,
				BFD95BAB2718F4D90058BE79 /* APIRouter.swift in Sources */,
				BF7940402716648600E99551 /* SearchInteractor.swift in Sources */,
				BF7940442716649400E99551 /* DetailInteractor.swift in Sources */,
				BFD95B9527184C660058BE79 /* BookSearchModel.swift in Sources */,
				BF05DD61271BC1060004DA67 /* ImageFetchService.swift in Sources */,
				BFA78932271A9AA200AD370D /* BookInfoTableCell.swift in Sources */,
				BFD95B9B2718E1CA0058BE79 /* MemoryCacheService.swift in Sources */,
				BF79400427165FDA00E99551 /* AppDelegate.swift in Sources */,
				BF7940422716648E00E99551 /* DetailViewController.swift in Sources */,
				BF05DD65271BD8520004DA67 /* SearchRouter.swift in Sources */,
				BF79403E2716647E00E99551 /* SearchViewController.swift in Sources */,
				BF794046271664C200E99551 /* AppDependency.swift in Sources */,
				BF79400627165FDA00E99551 /* SceneDelegate.swift in Sources */,
				BFA789182719A60100AD370D /* SearchPresenter.swift in Sources */,
				BF42E1B2271AB93C004F95E5 /* BookInfoPdfTableCell.swift in Sources */,
				BFD95B9927184E420058BE79 /* BookService.swift in Sources */,
				BFA7892D271A8D8E00AD370D /* BookInfoModel.swift in Sources */,
				BF05DD63271BD1150004DA67 /* ServiceProvider.swift in Sources */,
				BFA7892B271A895000AD370D /* DetailPresenter.swift in Sources */,
			);
			runOnlyForDeploymentPostprocessing = 0;
		};
		BF79401227165FDC00E99551 /* Sources */ = {
			isa = PBXSourcesBuildPhase;
			buildActionMask = 2147483647;
			files = (
				BFA789242719A86B00AD370D /* BookServiceTests.swift in Sources */,
				BFD95BA22718E86A0058BE79 /* MockSession.swift in Sources */,
				BFA789222719A86000AD370D /* DiskCacheServiceTests.swift in Sources */,
				BFA7891B2719A81200AD370D /* SearchViewControllerTests.swift in Sources */,
				BFA789202719A85400AD370D /* MemoryCacheServiceTests.swift in Sources */,
				BFA7891D2719A81E00AD370D /* SearchInteractorTests.swift in Sources */,
				BFD95BA82718F2360058BE79 /* MockFileManager.swift in Sources */,
				BFD95BA02718E8440058BE79 /* MockNSCache.swift in Sources */,
			);
			runOnlyForDeploymentPostprocessing = 0;
		};
/* End PBXSourcesBuildPhase section */

/* Begin PBXTargetDependency section */
		BF79401827165FDC00E99551 /* PBXTargetDependency */ = {
			isa = PBXTargetDependency;
			target = BF793FFF27165FDA00E99551 /* CarrotSample */;
			targetProxy = BF79401727165FDC00E99551 /* PBXContainerItemProxy */;
		};
/* End PBXTargetDependency section */

/* Begin PBXVariantGroup section */
		BF79400E27165FDC00E99551 /* LaunchScreen.storyboard */ = {
			isa = PBXVariantGroup;
			children = (
				BF79400F27165FDC00E99551 /* Base */,
			);
			name = LaunchScreen.storyboard;
			sourceTree = "<group>";
		};
/* End PBXVariantGroup section */

/* Begin XCBuildConfiguration section */
		BF79402827165FDC00E99551 /* Debug */ = {
			isa = XCBuildConfiguration;
			buildSettings = {
				ALWAYS_SEARCH_USER_PATHS = NO;
				CLANG_ANALYZER_NONNULL = YES;
				CLANG_ANALYZER_NUMBER_OBJECT_CONVERSION = YES_AGGRESSIVE;
				CLANG_CXX_LANGUAGE_STANDARD = "gnu++17";
				CLANG_CXX_LIBRARY = "libc++";
				CLANG_ENABLE_MODULES = YES;
				CLANG_ENABLE_OBJC_ARC = YES;
				CLANG_ENABLE_OBJC_WEAK = YES;
				CLANG_WARN_BLOCK_CAPTURE_AUTORELEASING = YES;
				CLANG_WARN_BOOL_CONVERSION = YES;
				CLANG_WARN_COMMA = YES;
				CLANG_WARN_CONSTANT_CONVERSION = YES;
				CLANG_WARN_DEPRECATED_OBJC_IMPLEMENTATIONS = YES;
				CLANG_WARN_DIRECT_OBJC_ISA_USAGE = YES_ERROR;
				CLANG_WARN_DOCUMENTATION_COMMENTS = YES;
				CLANG_WARN_EMPTY_BODY = YES;
				CLANG_WARN_ENUM_CONVERSION = YES;
				CLANG_WARN_INFINITE_RECURSION = YES;
				CLANG_WARN_INT_CONVERSION = YES;
				CLANG_WARN_NON_LITERAL_NULL_CONVERSION = YES;
				CLANG_WARN_OBJC_IMPLICIT_RETAIN_SELF = YES;
				CLANG_WARN_OBJC_LITERAL_CONVERSION = YES;
				CLANG_WARN_OBJC_ROOT_CLASS = YES_ERROR;
				CLANG_WARN_QUOTED_INCLUDE_IN_FRAMEWORK_HEADER = YES;
				CLANG_WARN_RANGE_LOOP_ANALYSIS = YES;
				CLANG_WARN_STRICT_PROTOTYPES = YES;
				CLANG_WARN_SUSPICIOUS_MOVE = YES;
				CLANG_WARN_UNGUARDED_AVAILABILITY = YES_AGGRESSIVE;
				CLANG_WARN_UNREACHABLE_CODE = YES;
				CLANG_WARN__DUPLICATE_METHOD_MATCH = YES;
				COPY_PHASE_STRIP = NO;
				DEBUG_INFORMATION_FORMAT = dwarf;
				ENABLE_STRICT_OBJC_MSGSEND = YES;
				ENABLE_TESTABILITY = YES;
				GCC_C_LANGUAGE_STANDARD = gnu11;
				GCC_DYNAMIC_NO_PIC = NO;
				GCC_NO_COMMON_BLOCKS = YES;
				GCC_OPTIMIZATION_LEVEL = 0;
				GCC_PREPROCESSOR_DEFINITIONS = (
					"DEBUG=1",
					"$(inherited)",
				);
				GCC_WARN_64_TO_32_BIT_CONVERSION = YES;
				GCC_WARN_ABOUT_RETURN_TYPE = YES_ERROR;
				GCC_WARN_UNDECLARED_SELECTOR = YES;
				GCC_WARN_UNINITIALIZED_AUTOS = YES_AGGRESSIVE;
				GCC_WARN_UNUSED_FUNCTION = YES;
				GCC_WARN_UNUSED_VARIABLE = YES;
				IPHONEOS_DEPLOYMENT_TARGET = 15.0;
				MTL_ENABLE_DEBUG_INFO = INCLUDE_SOURCE;
				MTL_FAST_MATH = YES;
				ONLY_ACTIVE_ARCH = YES;
				SDKROOT = iphoneos;
				SWIFT_ACTIVE_COMPILATION_CONDITIONS = DEBUG;
				SWIFT_OPTIMIZATION_LEVEL = "-Onone";
			};
			name = Debug;
		};
		BF79402927165FDC00E99551 /* Release */ = {
			isa = XCBuildConfiguration;
			buildSettings = {
				ALWAYS_SEARCH_USER_PATHS = NO;
				CLANG_ANALYZER_NONNULL = YES;
				CLANG_ANALYZER_NUMBER_OBJECT_CONVERSION = YES_AGGRESSIVE;
				CLANG_CXX_LANGUAGE_STANDARD = "gnu++17";
				CLANG_CXX_LIBRARY = "libc++";
				CLANG_ENABLE_MODULES = YES;
				CLANG_ENABLE_OBJC_ARC = YES;
				CLANG_ENABLE_OBJC_WEAK = YES;
				CLANG_WARN_BLOCK_CAPTURE_AUTORELEASING = YES;
				CLANG_WARN_BOOL_CONVERSION = YES;
				CLANG_WARN_COMMA = YES;
				CLANG_WARN_CONSTANT_CONVERSION = YES;
				CLANG_WARN_DEPRECATED_OBJC_IMPLEMENTATIONS = YES;
				CLANG_WARN_DIRECT_OBJC_ISA_USAGE = YES_ERROR;
				CLANG_WARN_DOCUMENTATION_COMMENTS = YES;
				CLANG_WARN_EMPTY_BODY = YES;
				CLANG_WARN_ENUM_CONVERSION = YES;
				CLANG_WARN_INFINITE_RECURSION = YES;
				CLANG_WARN_INT_CONVERSION = YES;
				CLANG_WARN_NON_LITERAL_NULL_CONVERSION = YES;
				CLANG_WARN_OBJC_IMPLICIT_RETAIN_SELF = YES;
				CLANG_WARN_OBJC_LITERAL_CONVERSION = YES;
				CLANG_WARN_OBJC_ROOT_CLASS = YES_ERROR;
				CLANG_WARN_QUOTED_INCLUDE_IN_FRAMEWORK_HEADER = YES;
				CLANG_WARN_RANGE_LOOP_ANALYSIS = YES;
				CLANG_WARN_STRICT_PROTOTYPES = YES;
				CLANG_WARN_SUSPICIOUS_MOVE = YES;
				CLANG_WARN_UNGUARDED_AVAILABILITY = YES_AGGRESSIVE;
				CLANG_WARN_UNREACHABLE_CODE = YES;
				CLANG_WARN__DUPLICATE_METHOD_MATCH = YES;
				COPY_PHASE_STRIP = NO;
				DEBUG_INFORMATION_FORMAT = "dwarf-with-dsym";
				ENABLE_NS_ASSERTIONS = NO;
				ENABLE_STRICT_OBJC_MSGSEND = YES;
				GCC_C_LANGUAGE_STANDARD = gnu11;
				GCC_NO_COMMON_BLOCKS = YES;
				GCC_WARN_64_TO_32_BIT_CONVERSION = YES;
				GCC_WARN_ABOUT_RETURN_TYPE = YES_ERROR;
				GCC_WARN_UNDECLARED_SELECTOR = YES;
				GCC_WARN_UNINITIALIZED_AUTOS = YES_AGGRESSIVE;
				GCC_WARN_UNUSED_FUNCTION = YES;
				GCC_WARN_UNUSED_VARIABLE = YES;
				IPHONEOS_DEPLOYMENT_TARGET = 15.0;
				MTL_ENABLE_DEBUG_INFO = NO;
				MTL_FAST_MATH = YES;
				SDKROOT = iphoneos;
				SWIFT_COMPILATION_MODE = wholemodule;
				SWIFT_OPTIMIZATION_LEVEL = "-O";
				VALIDATE_PRODUCT = YES;
			};
			name = Release;
		};
		BF79402B27165FDC00E99551 /* Debug */ = {
			isa = XCBuildConfiguration;
			baseConfigurationReference = 87F848169FB15BC3132A24B5 /* Pods-CarrotSample.debug.xcconfig */;
			buildSettings = {
				ASSETCATALOG_COMPILER_APPICON_NAME = AppIcon;
				ASSETCATALOG_COMPILER_GLOBAL_ACCENT_COLOR_NAME = AccentColor;
				CODE_SIGN_STYLE = Automatic;
				CURRENT_PROJECT_VERSION = 1;
				DEVELOPMENT_TEAM = G99VW8TP32;
				GENERATE_INFOPLIST_FILE = YES;
				INFOPLIST_FILE = CarrotSample/Info.plist;
				INFOPLIST_KEY_UIApplicationSupportsIndirectInputEvents = YES;
				INFOPLIST_KEY_UILaunchStoryboardName = LaunchScreen;
				INFOPLIST_KEY_UISupportedInterfaceOrientations = UIInterfaceOrientationPortrait;
				INFOPLIST_KEY_UISupportedInterfaceOrientations_iPad = "UIInterfaceOrientationPortrait UIInterfaceOrientationPortraitUpsideDown UIInterfaceOrientationLandscapeLeft UIInterfaceOrientationLandscapeRight";
				INFOPLIST_KEY_UISupportedInterfaceOrientations_iPhone = "UIInterfaceOrientationPortrait UIInterfaceOrientationLandscapeLeft UIInterfaceOrientationLandscapeRight";
				LD_RUNPATH_SEARCH_PATHS = (
					"$(inherited)",
					"@executable_path/Frameworks",
				);
				MARKETING_VERSION = 1.0;
				PRODUCT_BUNDLE_IDENTIFIER = com.9oya.CarrotSample;
				PRODUCT_NAME = "$(TARGET_NAME)";
				SWIFT_EMIT_LOC_STRINGS = YES;
				SWIFT_VERSION = 5.0;
				TARGETED_DEVICE_FAMILY = "1,2";
			};
			name = Debug;
		};
		BF79402C27165FDC00E99551 /* Release */ = {
			isa = XCBuildConfiguration;
			baseConfigurationReference = 4B34F43D05A59E15596B4567 /* Pods-CarrotSample.release.xcconfig */;
			buildSettings = {
				ASSETCATALOG_COMPILER_APPICON_NAME = AppIcon;
				ASSETCATALOG_COMPILER_GLOBAL_ACCENT_COLOR_NAME = AccentColor;
				CODE_SIGN_STYLE = Automatic;
				CURRENT_PROJECT_VERSION = 1;
				DEVELOPMENT_TEAM = G99VW8TP32;
				GENERATE_INFOPLIST_FILE = YES;
				INFOPLIST_FILE = CarrotSample/Info.plist;
				INFOPLIST_KEY_UIApplicationSupportsIndirectInputEvents = YES;
				INFOPLIST_KEY_UILaunchStoryboardName = LaunchScreen;
				INFOPLIST_KEY_UISupportedInterfaceOrientations = UIInterfaceOrientationPortrait;
				INFOPLIST_KEY_UISupportedInterfaceOrientations_iPad = "UIInterfaceOrientationPortrait UIInterfaceOrientationPortraitUpsideDown UIInterfaceOrientationLandscapeLeft UIInterfaceOrientationLandscapeRight";
				INFOPLIST_KEY_UISupportedInterfaceOrientations_iPhone = "UIInterfaceOrientationPortrait UIInterfaceOrientationLandscapeLeft UIInterfaceOrientationLandscapeRight";
				LD_RUNPATH_SEARCH_PATHS = (
					"$(inherited)",
					"@executable_path/Frameworks",
				);
				MARKETING_VERSION = 1.0;
				PRODUCT_BUNDLE_IDENTIFIER = com.9oya.CarrotSample;
				PRODUCT_NAME = "$(TARGET_NAME)";
				SWIFT_EMIT_LOC_STRINGS = YES;
				SWIFT_VERSION = 5.0;
				TARGETED_DEVICE_FAMILY = "1,2";
			};
			name = Release;
		};
		BF79402E27165FDC00E99551 /* Debug */ = {
			isa = XCBuildConfiguration;
			baseConfigurationReference = 2BD13AD8F1A3180DDB2356E9 /* Pods-CarrotSampleTests.debug.xcconfig */;
			buildSettings = {
				ALWAYS_EMBED_SWIFT_STANDARD_LIBRARIES = YES;
				BUNDLE_LOADER = "$(TEST_HOST)";
				CODE_SIGN_STYLE = Automatic;
				CURRENT_PROJECT_VERSION = 1;
				DEVELOPMENT_TEAM = G99VW8TP32;
				GENERATE_INFOPLIST_FILE = YES;
				IPHONEOS_DEPLOYMENT_TARGET = 15.0;
				LD_RUNPATH_SEARCH_PATHS = (
					"$(inherited)",
					"@executable_path/Frameworks",
					"@loader_path/Frameworks",
				);
				MARKETING_VERSION = 1.0;
				PRODUCT_BUNDLE_IDENTIFIER = com.9oya.CarrotSampleTests;
				PRODUCT_NAME = "$(TARGET_NAME)";
				SWIFT_EMIT_LOC_STRINGS = NO;
				SWIFT_VERSION = 5.0;
				TARGETED_DEVICE_FAMILY = "1,2";
				TEST_HOST = "$(BUILT_PRODUCTS_DIR)/CarrotSample.app/CarrotSample";
			};
			name = Debug;
		};
		BF79402F27165FDC00E99551 /* Release */ = {
			isa = XCBuildConfiguration;
			baseConfigurationReference = E6FF674CB4FFE65244298774 /* Pods-CarrotSampleTests.release.xcconfig */;
			buildSettings = {
				ALWAYS_EMBED_SWIFT_STANDARD_LIBRARIES = YES;
				BUNDLE_LOADER = "$(TEST_HOST)";
				CODE_SIGN_STYLE = Automatic;
				CURRENT_PROJECT_VERSION = 1;
				DEVELOPMENT_TEAM = G99VW8TP32;
				GENERATE_INFOPLIST_FILE = YES;
				IPHONEOS_DEPLOYMENT_TARGET = 15.0;
				LD_RUNPATH_SEARCH_PATHS = (
					"$(inherited)",
					"@executable_path/Frameworks",
					"@loader_path/Frameworks",
				);
				MARKETING_VERSION = 1.0;
				PRODUCT_BUNDLE_IDENTIFIER = com.9oya.CarrotSampleTests;
				PRODUCT_NAME = "$(TARGET_NAME)";
				SWIFT_EMIT_LOC_STRINGS = NO;
				SWIFT_VERSION = 5.0;
				TARGETED_DEVICE_FAMILY = "1,2";
				TEST_HOST = "$(BUILT_PRODUCTS_DIR)/CarrotSample.app/CarrotSample";
			};
			name = Release;
		};
/* End XCBuildConfiguration section */

/* Begin XCConfigurationList section */
		BF793FFB27165FDA00E99551 /* Build configuration list for PBXProject "CarrotSample" */ = {
			isa = XCConfigurationList;
			buildConfigurations = (
				BF79402827165FDC00E99551 /* Debug */,
				BF79402927165FDC00E99551 /* Release */,
			);
			defaultConfigurationIsVisible = 0;
			defaultConfigurationName = Release;
		};
		BF79402A27165FDC00E99551 /* Build configuration list for PBXNativeTarget "CarrotSample" */ = {
			isa = XCConfigurationList;
			buildConfigurations = (
				BF79402B27165FDC00E99551 /* Debug */,
				BF79402C27165FDC00E99551 /* Release */,
			);
			defaultConfigurationIsVisible = 0;
			defaultConfigurationName = Release;
		};
		BF79402D27165FDC00E99551 /* Build configuration list for PBXNativeTarget "CarrotSampleTests" */ = {
			isa = XCConfigurationList;
			buildConfigurations = (
				BF79402E27165FDC00E99551 /* Debug */,
				BF79402F27165FDC00E99551 /* Release */,
			);
			defaultConfigurationIsVisible = 0;
			defaultConfigurationName = Release;
		};
/* End XCConfigurationList section */
	};
	rootObject = BF793FF827165FDA00E99551 /* Project object */;
}
